
Microsoft Visual Studio Solution File, Format Version 12.00
# Visual Studio Version 16
VisualStudioVersion = 16.0.30011.22
MinimumVisualStudioVersion = 10.0.40219.1
Project("{FAE04EC0-301F-11D3-BF4B-00C04F79EFBC}") = "Dos numeros cual es mayor", "Dos numeros cual es mayor.csproj", "{910DC73E-2BD0-43EB-A174-890FDF6A3BD0}"
EndProject
Global
	GlobalSection(SolutionConfigurationPlatforms) = preSolution
		Debug|Any CPU = Debug|Any CPU
		Release|Any CPU = Release|Any CPU
	EndGlobalSection
	GlobalSection(ProjectConfigurationPlatforms) = postSolution
		{910DC73E-2BD0-43EB-A174-890FDF6A3BD0}.Debug|Any CPU.ActiveCfg = Debug|Any CPU
		{910DC73E-2BD0-43EB-A174-890FDF6A3BD0}.Debug|Any CPU.Build.0 = Debug|Any CPU
		{910DC73E-2BD0-43EB-A174-890FDF6A3BD0}.Release|Any CPU.ActiveCfg = Release|Any CPU
		{910DC73E-2BD0-43EB-A174-890FDF6A3BD0}.Release|Any CPU.Build.0 = Release|Any CPU
	EndGlobalSection
	GlobalSection(SolutionProperties) = preSolution
		HideSolutionNode = FALSE
	EndGlobalSection
	GlobalSection(ExtensibilityGlobals) = postSolution
		SolutionGuid = {E4871367-4633-4B8F-8208-9A5B6C0DC363}
	EndGlobalSection
EndGlobal
