
Microsoft Visual Studio Solution File, Format Version 12.00
# Visual Studio Version 16
VisualStudioVersion = 16.0.30011.22
MinimumVisualStudioVersion = 10.0.40219.1
Project("{FAE04EC0-301F-11D3-BF4B-00C04F79EFBC}") = "Pide numero dice si es multiplo de 10 para pedir otro", "Pide numero dice si es multiplo de 10 para pedir otro.csproj", "{085382AC-0F7E-4E4E-AD57-178028C19295}"
EndProject
Global
	GlobalSection(SolutionConfigurationPlatforms) = preSolution
		Debug|Any CPU = Debug|Any CPU
		Release|Any CPU = Release|Any CPU
	EndGlobalSection
	GlobalSection(ProjectConfigurationPlatforms) = postSolution
		{085382AC-0F7E-4E4E-AD57-178028C19295}.Debug|Any CPU.ActiveCfg = Debug|Any CPU
		{085382AC-0F7E-4E4E-AD57-178028C19295}.Debug|Any CPU.Build.0 = Debug|Any CPU
		{085382AC-0F7E-4E4E-AD57-178028C19295}.Release|Any CPU.ActiveCfg = Release|Any CPU
		{085382AC-0F7E-4E4E-AD57-178028C19295}.Release|Any CPU.Build.0 = Release|Any CPU
	EndGlobalSection
	GlobalSection(SolutionProperties) = preSolution
		HideSolutionNode = FALSE
	EndGlobalSection
	GlobalSection(ExtensibilityGlobals) = postSolution
		SolutionGuid = {A49FE4DA-692F-4C7F-9BDF-4B7BAE10C5D1}
	EndGlobalSection
EndGlobal
